<?xml version="1.0" encoding="utf-8"?>
<Project ToolsVersion="4.0" xmlns="http://schemas.microsoft.com/developer/msbuild/2003">
  <ItemGroup>
    <Filter Include="Zote">
      <UniqueIdentifier>{2751907C-1388-910D-BC74-7710A88A0D0F}</UniqueIdentifier>
    </Filter>
    <Filter Include="Zote\ECS">
      <UniqueIdentifier>{F1802D01-DD4D-880C-0667-76B4F292BD9A}</UniqueIdentifier>
    </Filter>
    <Filter Include="Zote\ECS\Components">
      <UniqueIdentifier>{664D05EC-D2AE-E2F9-5B1C-29ACC77C19B9}</UniqueIdentifier>
    </Filter>
    <Filter Include="Zote\ECS\Systems">
      <UniqueIdentifier>{F837AE37-E430-CD89-0D63-B20EF9BAAC95}</UniqueIdentifier>
    </Filter>
    <Filter Include="Zote\Maths">
      <UniqueIdentifier>{D3523303-BF0A-7550-2812-4EAC14E90F41}</UniqueIdentifier>
    </Filter>
    <Filter Include="Zote\Rendering">
      <UniqueIdentifier>{34F7FC5E-20C5-F064-0959-618BF5C5CCC9}</UniqueIdentifier>
    </Filter>
    <Filter Include="Zote\Utils">
      <UniqueIdentifier>{C753CE03-B30B-1051-1C13-E9AC08EAAA41}</UniqueIdentifier>
    </Filter>
  </ItemGroup>
  <ItemGroup>
    <ClInclude Include="src\Zote\Application.h">
      <Filter>Zote</Filter>
    </ClInclude>
    <ClInclude Include="src\Zote\Core.h">
      <Filter>Zote</Filter>
    </ClInclude>
    <ClInclude Include="src\Zote\ECS\Components.h">
      <Filter>Zote\ECS</Filter>
    </ClInclude>
    <ClInclude Include="src\Zote\ECS\Components\BaseComponent.h">
      <Filter>Zote\ECS\Components</Filter>
    </ClInclude>
    <ClInclude Include="src\Zote\ECS\Components\CameraComponent.h">
      <Filter>Zote\ECS\Components</Filter>
    </ClInclude>
    <ClInclude Include="src\Zote\ECS\Components\MeshComponent.h">
      <Filter>Zote\ECS\Components</Filter>
    </ClInclude>
    <ClInclude Include="src\Zote\ECS\Components\PBody2DComponent.h">
      <Filter>Zote\ECS\Components</Filter>
    </ClInclude>
    <ClInclude Include="src\Zote\ECS\Components\ScriptComponent.h">
      <Filter>Zote\ECS\Components</Filter>
    </ClInclude>
    <ClInclude Include="src\Zote\ECS\Components\SpriteComponent.h">
      <Filter>Zote\ECS\Components</Filter>
    </ClInclude>
    <ClInclude Include="src\Zote\ECS\Components\TransformComponent.h">
      <Filter>Zote\ECS\Components</Filter>
    </ClInclude>
    <ClInclude Include="src\Zote\ECS\Entity.h">
      <Filter>Zote\ECS</Filter>
    </ClInclude>
    <ClInclude Include="src\Zote\ECS\Scene.h">
      <Filter>Zote\ECS</Filter>
    </ClInclude>
    <ClInclude Include="src\Zote\ECS\Systems\Box2DGizmoSystem.h">
      <Filter>Zote\ECS\Systems</Filter>
    </ClInclude>
    <ClInclude Include="src\Zote\ECS\Systems\CircleGizmoSystem.h">
      <Filter>Zote\ECS\Systems</Filter>
    </ClInclude>
    <ClInclude Include="src\Zote\ECS\Systems\Collision2DCheckSystem.h">
      <Filter>Zote\ECS\Systems</Filter>
    </ClInclude>
    <ClInclude Include="src\Zote\ECS\Systems\MeshSystem.h">
      <Filter>Zote\ECS\Systems</Filter>
    </ClInclude>
    <ClInclude Include="src\Zote\ECS\Systems\Physic2DSystem.h">
      <Filter>Zote\ECS\Systems</Filter>
    </ClInclude>
    <ClInclude Include="src\Zote\ECS\Systems\ScriptSystem.h">
      <Filter>Zote\ECS\Systems</Filter>
    </ClInclude>
    <ClInclude Include="src\Zote\ECS\Systems\SpriteSystem.h">
      <Filter>Zote\ECS\Systems</Filter>
    </ClInclude>
    <ClInclude Include="src\Zote\ECS\Systems\TransformGizmoSystem.h">
      <Filter>Zote\ECS\Systems</Filter>
    </ClInclude>
    <ClInclude Include="src\Zote\EntryPoint.h">
      <Filter>Zote</Filter>
    </ClInclude>
    <ClInclude Include="src\Zote\Event.h">
      <Filter>Zote</Filter>
    </ClInclude>
    <ClInclude Include="src\Zote\Input.h">
      <Filter>Zote</Filter>
    </ClInclude>
    <ClInclude Include="src\Zote\KeyCodes.h">
      <Filter>Zote</Filter>
    </ClInclude>
    <ClInclude Include="src\Zote\Maths\Color.h">
      <Filter>Zote\Maths</Filter>
    </ClInclude>
    <ClInclude Include="src\Zote\MouseButtonCodes.h">
      <Filter>Zote</Filter>
    </ClInclude>
    <ClInclude Include="src\Zote\Rendering\IndexBuffer.h">
      <Filter>Zote\Rendering</Filter>
    </ClInclude>
    <ClInclude Include="src\Zote\Rendering\Line.h">
      <Filter>Zote\Rendering</Filter>
    </ClInclude>
    <ClInclude Include="src\Zote\Rendering\Mesh.h">
      <Filter>Zote\Rendering</Filter>
    </ClInclude>
    <ClInclude Include="src\Zote\Rendering\Renderer.h">
      <Filter>Zote\Rendering</Filter>
    </ClInclude>
    <ClInclude Include="src\Zote\Rendering\Shader.h">
      <Filter>Zote\Rendering</Filter>
    </ClInclude>
    <ClInclude Include="src\Zote\Rendering\Texture.h">
      <Filter>Zote\Rendering</Filter>
    </ClInclude>
    <ClInclude Include="src\Zote\Rendering\VertexArray.h">
      <Filter>Zote\Rendering</Filter>
    </ClInclude>
    <ClInclude Include="src\Zote\Rendering\VertexBuffer.h">
      <Filter>Zote\Rendering</Filter>
    </ClInclude>
    <ClInclude Include="src\Zote\Rendering\VertexBufferLayout.h">
      <Filter>Zote\Rendering</Filter>
    </ClInclude>
    <ClInclude Include="src\Zote\Rendering\Window.h">
      <Filter>Zote\Rendering</Filter>
    </ClInclude>
    <ClInclude Include="src\Zote\Utils\CustomTypes.h">
      <Filter>Zote\Utils</Filter>
    </ClInclude>
    <ClInclude Include="src\Zote\Utils\GlobalStrings.h">
      <Filter>Zote\Utils</Filter>
    </ClInclude>
    <ClInclude Include="src\Zote\Utils\Log.h">
      <Filter>Zote\Utils</Filter>
    </ClInclude>
    <ClInclude Include="src\Zote\Utils\Math.h">
      <Filter>Zote\Utils</Filter>
    </ClInclude>
    <ClInclude Include="src\Zote\Utils\Memory.h">
      <Filter>Zote\Utils</Filter>
    </ClInclude>
    <ClInclude Include="src\Zote\Utils\String.h">
      <Filter>Zote\Utils</Filter>
    </ClInclude>
    <ClInclude Include="src\ZoteApplication.h" />
    <ClInclude Include="src\ZoteCommon.h" />
  </ItemGroup>
  <ItemGroup>
    <ClCompile Include="src\Zote\Application.cpp">
      <Filter>Zote</Filter>
    </ClCompile>
    <ClCompile Include="src\Zote\ECS\Entity.cpp">
      <Filter>Zote\ECS</Filter>
    </ClCompile>
    <ClCompile Include="src\Zote\ECS\Scene.cpp">
      <Filter>Zote\ECS</Filter>
    </ClCompile>
    <ClCompile Include="src\Zote\ECS\Systems\Box2DGizmoSystem.cpp">
      <Filter>Zote\ECS\Systems</Filter>
    </ClCompile>
    <ClCompile Include="src\Zote\ECS\Systems\CircleGizmoSystem.cpp">
      <Filter>Zote\ECS\Systems</Filter>
    </ClCompile>
    <ClCompile Include="src\Zote\ECS\Systems\Collision2DCheckSystem.cpp">
      <Filter>Zote\ECS\Systems</Filter>
    </ClCompile>
    <ClCompile Include="src\Zote\ECS\Systems\MeshSystem.cpp">
      <Filter>Zote\ECS\Systems</Filter>
    </ClCompile>
    <ClCompile Include="src\Zote\ECS\Systems\Physic2DSystem.cpp">
      <Filter>Zote\ECS\Systems</Filter>
    </ClCompile>
    <ClCompile Include="src\Zote\ECS\Systems\ScriptSystem.cpp">
      <Filter>Zote\ECS\Systems</Filter>
    </ClCompile>
    <ClCompile Include="src\Zote\ECS\Systems\SpriteSystem.cpp">
      <Filter>Zote\ECS\Systems</Filter>
    </ClCompile>
    <ClCompile Include="src\Zote\ECS\Systems\TransformGizmoSystem.cpp">
      <Filter>Zote\ECS\Systems</Filter>
    </ClCompile>
    <ClCompile Include="src\Zote\Input.cpp">
      <Filter>Zote</Filter>
    </ClCompile>
    <ClCompile Include="src\Zote\Maths\Color.cpp">
      <Filter>Zote\Maths</Filter>
    </ClCompile>
    <ClCompile Include="src\Zote\Rendering\IndexBuffer.cpp">
      <Filter>Zote\Rendering</Filter>
    </ClCompile>
    <ClCompile Include="src\Zote\Rendering\Line.cpp">
      <Filter>Zote\Rendering</Filter>
    </ClCompile>
    <ClCompile Include="src\Zote\Rendering\Mesh.cpp">
      <Filter>Zote\Rendering</Filter>
    </ClCompile>
    <ClCompile Include="src\Zote\Rendering\Renderer.cpp">
      <Filter>Zote\Rendering</Filter>
    </ClCompile>
    <ClCompile Include="src\Zote\Rendering\Shader.cpp">
      <Filter>Zote\Rendering</Filter>
    </ClCompile>
    <ClCompile Include="src\Zote\Rendering\Texture.cpp">
      <Filter>Zote\Rendering</Filter>
    </ClCompile>
    <ClCompile Include="src\Zote\Rendering\VertexArray.cpp">
      <Filter>Zote\Rendering</Filter>
    </ClCompile>
    <ClCompile Include="src\Zote\Rendering\VertexBuffer.cpp">
      <Filter>Zote\Rendering</Filter>
    </ClCompile>
    <ClCompile Include="src\Zote\Rendering\Window.cpp">
      <Filter>Zote\Rendering</Filter>
    </ClCompile>
    <ClCompile Include="src\Zote\Rendering\stb_image.cpp">
      <Filter>Zote\Rendering</Filter>
    </ClCompile>
  </ItemGroup>
</Project>